// !$*UTF8*$!
{
	archiveVersion = 1;
	classes = {
	};
	objectVersion = 48;
	objects = {

/* Begin PBXBuildFile section */
		2332FA2F1FDAFBB400D94476 /* ImagePreviewViewController.swift in Sources */ = {isa = PBXBuildFile; fileRef = 2332FA2E1FDAFBB400D94476 /* ImagePreviewViewController.swift */; };
		23577C71218CB92200A48334 /* AppleMusicManager.swift in Sources */ = {isa = PBXBuildFile; fileRef = 23577C70218CB92200A48334 /* AppleMusicManager.swift */; };
		2375D4DC21A473350053BC7F /* UserManager.swift in Sources */ = {isa = PBXBuildFile; fileRef = 2375D4DB21A473340053BC7F /* UserManager.swift */; };
		23C76BA61FD1A4C700D42FB5 /* SetlistTableViewCell.swift in Sources */ = {isa = PBXBuildFile; fileRef = 23C76BA51FD1A4C700D42FB5 /* SetlistTableViewCell.swift */; };
		23C76BA81FD1BC1E00D42FB5 /* SetlistViewController.swift in Sources */ = {isa = PBXBuildFile; fileRef = 23C76BA71FD1BC1E00D42FB5 /* SetlistViewController.swift */; };
		23C76BAA1FD1C33900D42FB5 /* SongTableViewCell.swift in Sources */ = {isa = PBXBuildFile; fileRef = 23C76BA91FD1C33900D42FB5 /* SongTableViewCell.swift */; };
		23C76BAC1FD58B1700D42FB5 /* SpotifyConnectionManager.swift in Sources */ = {isa = PBXBuildFile; fileRef = 23C76BAB1FD58B1700D42FB5 /* SpotifyConnectionManager.swift */; };
		23C76BAE1FD5C10500D42FB5 /* SpotifySetlist.swift in Sources */ = {isa = PBXBuildFile; fileRef = 23C76BAD1FD5C10500D42FB5 /* SpotifySetlist.swift */; };
		23C76BAF1FD7219800D42FB5 /* AVFoundation.framework in Frameworks */ = {isa = PBXBuildFile; fileRef = 23D227731FCDAEA2003F3B23 /* AVFoundation.framework */; };
		23D2274B1FCD8BB2003F3B23 /* AppDelegate.swift in Sources */ = {isa = PBXBuildFile; fileRef = 23D2274A1FCD8BB2003F3B23 /* AppDelegate.swift */; };
		23D2274D1FCD8BB2003F3B23 /* SearchViewController.swift in Sources */ = {isa = PBXBuildFile; fileRef = 23D2274C1FCD8BB2003F3B23 /* SearchViewController.swift */; };
		23D227501FCD8BB2003F3B23 /* Main.storyboard in Resources */ = {isa = PBXBuildFile; fileRef = 23D2274E1FCD8BB2003F3B23 /* Main.storyboard */; };
		23D227521FCD8BB2003F3B23 /* Assets.xcassets in Resources */ = {isa = PBXBuildFile; fileRef = 23D227511FCD8BB2003F3B23 /* Assets.xcassets */; };
		23D227551FCD8BB2003F3B23 /* LaunchScreen.storyboard in Resources */ = {isa = PBXBuildFile; fileRef = 23D227531FCD8BB2003F3B23 /* LaunchScreen.storyboard */; };
		23D227641FCD8F63003F3B23 /* Cashier.framework in Frameworks */ = {isa = PBXBuildFile; fileRef = 23D2275D1FCD8F63003F3B23 /* Cashier.framework */; };
		23D227651FCD8F63003F3B23 /* KeyboardHelper.framework in Frameworks */ = {isa = PBXBuildFile; fileRef = 23D2275E1FCD8F63003F3B23 /* KeyboardHelper.framework */; };
		23D227661FCD8F63003F3B23 /* Serpent.framework in Frameworks */ = {isa = PBXBuildFile; fileRef = 23D2275F1FCD8F63003F3B23 /* Serpent.framework */; };
		23D227671FCD8F63003F3B23 /* Nodes.framework in Frameworks */ = {isa = PBXBuildFile; fileRef = 23D227601FCD8F63003F3B23 /* Nodes.framework */; };
		23D227681FCD8F63003F3B23 /* Kingfisher.framework in Frameworks */ = {isa = PBXBuildFile; fileRef = 23D227611FCD8F63003F3B23 /* Kingfisher.framework */; };
		23D227691FCD8F63003F3B23 /* Alamofire.framework in Frameworks */ = {isa = PBXBuildFile; fileRef = 23D227621FCD8F63003F3B23 /* Alamofire.framework */; };
		23D2276A1FCD8F63003F3B23 /* SVProgressHUD.framework in Frameworks */ = {isa = PBXBuildFile; fileRef = 23D227631FCD8F63003F3B23 /* SVProgressHUD.framework */; };
		23D227701FCDAC7D003F3B23 /* SpotifyMetadata.framework in Frameworks */ = {isa = PBXBuildFile; fileRef = 23D2276D1FCDAC7D003F3B23 /* SpotifyMetadata.framework */; };
		23D2277A1FCDAFE5003F3B23 /* SpotifyAudioPlayback.framework in Frameworks */ = {isa = PBXBuildFile; fileRef = 23D227761FCDAFE5003F3B23 /* SpotifyAudioPlayback.framework */; };
		23D2277C1FCDAFE5003F3B23 /* SpotifyAuthentication.framework in Frameworks */ = {isa = PBXBuildFile; fileRef = 23D227771FCDAFE5003F3B23 /* SpotifyAuthentication.framework */; };
		23D227821FCDB078003F3B23 /* BridgeViewController.m in Sources */ = {isa = PBXBuildFile; fileRef = 23D227811FCDB078003F3B23 /* BridgeViewController.m */; };
		23D227841FCDBD26003F3B23 /* SpotifyLogin.framework in Frameworks */ = {isa = PBXBuildFile; fileRef = 23D227831FCDBD26003F3B23 /* SpotifyLogin.framework */; };
		23D227891FCDD189003F3B23 /* Extensions.swift in Sources */ = {isa = PBXBuildFile; fileRef = 23D227881FCDD189003F3B23 /* Extensions.swift */; };
		23D2278C1FCDE17A003F3B23 /* SetlistConnectionManager.swift in Sources */ = {isa = PBXBuildFile; fileRef = 23D2278B1FCDE17A003F3B23 /* SetlistConnectionManager.swift */; };
		23D5B8042191F9CA009413DD /* AppleMusicConnectionManager.swift in Sources */ = {isa = PBXBuildFile; fileRef = 23D5B8032191F9CA009413DD /* AppleMusicConnectionManager.swift */; };
		23D5B806219202B0009413DD /* CloudKit.framework in Frameworks */ = {isa = PBXBuildFile; fileRef = 23D5B805219202B0009413DD /* CloudKit.framework */; };
		23D5B809219207CD009413DD /* CreatePlaylistRequest.swift in Sources */ = {isa = PBXBuildFile; fileRef = 23D5B808219207CD009413DD /* CreatePlaylistRequest.swift */; };
		23D5B80B21920AF3009413DD /* CreatePlaylistResponse.swift in Sources */ = {isa = PBXBuildFile; fileRef = 23D5B80A21920AF3009413DD /* CreatePlaylistResponse.swift */; };
		23DBE7291FD019A4006C290B /* Setlist.swift in Sources */ = {isa = PBXBuildFile; fileRef = 23DBE7281FD019A4006C290B /* Setlist.swift */; };
		23DBE72B1FD06363006C290B /* SetlistSearchResponse.swift in Sources */ = {isa = PBXBuildFile; fileRef = 23DBE72A1FD06363006C290B /* SetlistSearchResponse.swift */; };
		23DBE72D1FD06400006C290B /* Artist.swift in Sources */ = {isa = PBXBuildFile; fileRef = 23DBE72C1FD06400006C290B /* Artist.swift */; };
		23DBE7321FD06494006C290B /* SetlistResultsViewController.swift in Sources */ = {isa = PBXBuildFile; fileRef = 23DBE7311FD06494006C290B /* SetlistResultsViewController.swift */; };
		23DBE7341FD17640006C290B /* Venue.swift in Sources */ = {isa = PBXBuildFile; fileRef = 23DBE7331FD17640006C290B /* Venue.swift */; };
		23DBE7361FD1783F006C290B /* Tour.swift in Sources */ = {isa = PBXBuildFile; fileRef = 23DBE7351FD1783F006C290B /* Tour.swift */; };
		23DBE7381FD1790C006C290B /* Set.swift in Sources */ = {isa = PBXBuildFile; fileRef = 23DBE7371FD1790C006C290B /* Set.swift */; };
/* End PBXBuildFile section */

/* Begin PBXFileReference section */
		2332FA2E1FDAFBB400D94476 /* ImagePreviewViewController.swift */ = {isa = PBXFileReference; lastKnownFileType = sourcecode.swift; path = ImagePreviewViewController.swift; sourceTree = "<group>"; };
		23577C70218CB92200A48334 /* AppleMusicManager.swift */ = {isa = PBXFileReference; lastKnownFileType = sourcecode.swift; path = AppleMusicManager.swift; sourceTree = "<group>"; };
		2375D4DB21A473340053BC7F /* UserManager.swift */ = {isa = PBXFileReference; lastKnownFileType = sourcecode.swift; path = UserManager.swift; sourceTree = "<group>"; };
		23C76BA51FD1A4C700D42FB5 /* SetlistTableViewCell.swift */ = {isa = PBXFileReference; lastKnownFileType = sourcecode.swift; path = SetlistTableViewCell.swift; sourceTree = "<group>"; };
		23C76BA71FD1BC1E00D42FB5 /* SetlistViewController.swift */ = {isa = PBXFileReference; lastKnownFileType = sourcecode.swift; path = SetlistViewController.swift; sourceTree = "<group>"; };
		23C76BA91FD1C33900D42FB5 /* SongTableViewCell.swift */ = {isa = PBXFileReference; lastKnownFileType = sourcecode.swift; path = SongTableViewCell.swift; sourceTree = "<group>"; };
		23C76BAB1FD58B1700D42FB5 /* SpotifyConnectionManager.swift */ = {isa = PBXFileReference; lastKnownFileType = sourcecode.swift; path = SpotifyConnectionManager.swift; sourceTree = "<group>"; };
		23C76BAD1FD5C10500D42FB5 /* SpotifySetlist.swift */ = {isa = PBXFileReference; lastKnownFileType = sourcecode.swift; path = SpotifySetlist.swift; sourceTree = "<group>"; };
		23C76BB01FD7219800D42FB5 /* AVKit.framework */ = {isa = PBXFileReference; lastKnownFileType = wrapper.framework; name = AVKit.framework; path = System/Library/Frameworks/AVKit.framework; sourceTree = SDKROOT; };
		23D227471FCD8BB2003F3B23 /* Setlistify.app */ = {isa = PBXFileReference; explicitFileType = wrapper.application; includeInIndex = 0; path = Setlistify.app; sourceTree = BUILT_PRODUCTS_DIR; };
		23D2274A1FCD8BB2003F3B23 /* AppDelegate.swift */ = {isa = PBXFileReference; lastKnownFileType = sourcecode.swift; path = AppDelegate.swift; sourceTree = "<group>"; };
		23D2274C1FCD8BB2003F3B23 /* SearchViewController.swift */ = {isa = PBXFileReference; lastKnownFileType = sourcecode.swift; path = SearchViewController.swift; sourceTree = "<group>"; };
		23D2274F1FCD8BB2003F3B23 /* Base */ = {isa = PBXFileReference; lastKnownFileType = file.storyboard; name = Base; path = Base.lproj/Main.storyboard; sourceTree = "<group>"; };
		23D227511FCD8BB2003F3B23 /* Assets.xcassets */ = {isa = PBXFileReference; lastKnownFileType = folder.assetcatalog; path = Assets.xcassets; sourceTree = "<group>"; };
		23D227541FCD8BB2003F3B23 /* Base */ = {isa = PBXFileReference; lastKnownFileType = file.storyboard; name = Base; path = Base.lproj/LaunchScreen.storyboard; sourceTree = "<group>"; };
		23D227561FCD8BB2003F3B23 /* Info.plist */ = {isa = PBXFileReference; lastKnownFileType = text.plist.xml; path = Info.plist; sourceTree = "<group>"; };
		23D2275D1FCD8F63003F3B23 /* Cashier.framework */ = {isa = PBXFileReference; lastKnownFileType = wrapper.framework; name = Cashier.framework; path = Carthage/Build/iOS/Cashier.framework; sourceTree = "<group>"; };
		23D2275E1FCD8F63003F3B23 /* KeyboardHelper.framework */ = {isa = PBXFileReference; lastKnownFileType = wrapper.framework; name = KeyboardHelper.framework; path = Carthage/Build/iOS/KeyboardHelper.framework; sourceTree = "<group>"; };
		23D2275F1FCD8F63003F3B23 /* Serpent.framework */ = {isa = PBXFileReference; lastKnownFileType = wrapper.framework; name = Serpent.framework; path = Carthage/Build/iOS/Serpent.framework; sourceTree = "<group>"; };
		23D227601FCD8F63003F3B23 /* Nodes.framework */ = {isa = PBXFileReference; lastKnownFileType = wrapper.framework; name = Nodes.framework; path = Carthage/Build/iOS/Nodes.framework; sourceTree = "<group>"; };
		23D227611FCD8F63003F3B23 /* Kingfisher.framework */ = {isa = PBXFileReference; lastKnownFileType = wrapper.framework; name = Kingfisher.framework; path = Carthage/Build/iOS/Kingfisher.framework; sourceTree = "<group>"; };
		23D227621FCD8F63003F3B23 /* Alamofire.framework */ = {isa = PBXFileReference; lastKnownFileType = wrapper.framework; name = Alamofire.framework; path = Carthage/Build/iOS/Alamofire.framework; sourceTree = "<group>"; };
		23D227631FCD8F63003F3B23 /* SVProgressHUD.framework */ = {isa = PBXFileReference; lastKnownFileType = wrapper.framework; name = SVProgressHUD.framework; path = Carthage/Build/iOS/SVProgressHUD.framework; sourceTree = "<group>"; };
		23D2276D1FCDAC7D003F3B23 /* SpotifyMetadata.framework */ = {isa = PBXFileReference; lastKnownFileType = wrapper.framework; path = SpotifyMetadata.framework; sourceTree = "<group>"; };
		23D2276E1FCDAC7D003F3B23 /* SpotifyAudioPlayback.framework */ = {isa = PBXFileReference; lastKnownFileType = wrapper.framework; path = SpotifyAudioPlayback.framework; sourceTree = "<group>"; };
		23D2276F1FCDAC7D003F3B23 /* SpotifyAuthentication.framework */ = {isa = PBXFileReference; lastKnownFileType = wrapper.framework; path = SpotifyAuthentication.framework; sourceTree = "<group>"; };
		23D227731FCDAEA2003F3B23 /* AVFoundation.framework */ = {isa = PBXFileReference; lastKnownFileType = wrapper.framework; name = AVFoundation.framework; path = System/Library/Frameworks/AVFoundation.framework; sourceTree = SDKROOT; };
		23D227741FCDAEB0003F3B23 /* SystemConfiguration.framework */ = {isa = PBXFileReference; lastKnownFileType = wrapper.framework; name = SystemConfiguration.framework; path = System/Library/Frameworks/SystemConfiguration.framework; sourceTree = SDKROOT; };
		23D227751FCDAFE5003F3B23 /* SpotifyMetadata.framework */ = {isa = PBXFileReference; lastKnownFileType = wrapper.framework; path = SpotifyMetadata.framework; sourceTree = "<group>"; };
		23D227761FCDAFE5003F3B23 /* SpotifyAudioPlayback.framework */ = {isa = PBXFileReference; lastKnownFileType = wrapper.framework; path = SpotifyAudioPlayback.framework; sourceTree = "<group>"; };
		23D227771FCDAFE5003F3B23 /* SpotifyAuthentication.framework */ = {isa = PBXFileReference; lastKnownFileType = wrapper.framework; path = SpotifyAuthentication.framework; sourceTree = "<group>"; };
		23D2277F1FCDB077003F3B23 /* Setlistify-Bridging-Header.h */ = {isa = PBXFileReference; lastKnownFileType = sourcecode.c.h; path = "Setlistify-Bridging-Header.h"; sourceTree = "<group>"; };
		23D227801FCDB078003F3B23 /* BridgeViewController.h */ = {isa = PBXFileReference; lastKnownFileType = sourcecode.c.h; path = BridgeViewController.h; sourceTree = "<group>"; };
		23D227811FCDB078003F3B23 /* BridgeViewController.m */ = {isa = PBXFileReference; lastKnownFileType = sourcecode.c.objc; path = BridgeViewController.m; sourceTree = "<group>"; };
		23D227831FCDBD26003F3B23 /* SpotifyLogin.framework */ = {isa = PBXFileReference; lastKnownFileType = wrapper.framework; name = SpotifyLogin.framework; path = Carthage/Build/iOS/SpotifyLogin.framework; sourceTree = "<group>"; };
		23D227881FCDD189003F3B23 /* Extensions.swift */ = {isa = PBXFileReference; lastKnownFileType = sourcecode.swift; path = Extensions.swift; sourceTree = "<group>"; };
		23D2278B1FCDE17A003F3B23 /* SetlistConnectionManager.swift */ = {isa = PBXFileReference; lastKnownFileType = sourcecode.swift; path = SetlistConnectionManager.swift; sourceTree = "<group>"; };
		23D5B8032191F9CA009413DD /* AppleMusicConnectionManager.swift */ = {isa = PBXFileReference; lastKnownFileType = sourcecode.swift; path = AppleMusicConnectionManager.swift; sourceTree = "<group>"; };
		23D5B805219202B0009413DD /* CloudKit.framework */ = {isa = PBXFileReference; lastKnownFileType = wrapper.framework; name = CloudKit.framework; path = System/Library/Frameworks/CloudKit.framework; sourceTree = SDKROOT; };
		23D5B808219207CD009413DD /* CreatePlaylistRequest.swift */ = {isa = PBXFileReference; lastKnownFileType = sourcecode.swift; path = CreatePlaylistRequest.swift; sourceTree = "<group>"; };
		23D5B80A21920AF3009413DD /* CreatePlaylistResponse.swift */ = {isa = PBXFileReference; lastKnownFileType = sourcecode.swift; path = CreatePlaylistResponse.swift; sourceTree = "<group>"; };
		23DBE7281FD019A4006C290B /* Setlist.swift */ = {isa = PBXFileReference; lastKnownFileType = sourcecode.swift; path = Setlist.swift; sourceTree = "<group>"; };
		23DBE72A1FD06363006C290B /* SetlistSearchResponse.swift */ = {isa = PBXFileReference; lastKnownFileType = sourcecode.swift; path = SetlistSearchResponse.swift; sourceTree = "<group>"; };
		23DBE72C1FD06400006C290B /* Artist.swift */ = {isa = PBXFileReference; lastKnownFileType = sourcecode.swift; path = Artist.swift; sourceTree = "<group>"; };
		23DBE7311FD06494006C290B /* SetlistResultsViewController.swift */ = {isa = PBXFileReference; lastKnownFileType = sourcecode.swift; path = SetlistResultsViewController.swift; sourceTree = "<group>"; };
		23DBE7331FD17640006C290B /* Venue.swift */ = {isa = PBXFileReference; lastKnownFileType = sourcecode.swift; path = Venue.swift; sourceTree = "<group>"; };
		23DBE7351FD1783F006C290B /* Tour.swift */ = {isa = PBXFileReference; lastKnownFileType = sourcecode.swift; path = Tour.swift; sourceTree = "<group>"; };
		23DBE7371FD1790C006C290B /* Set.swift */ = {isa = PBXFileReference; lastKnownFileType = sourcecode.swift; path = Set.swift; sourceTree = "<group>"; };
/* End PBXFileReference section */

/* Begin PBXFrameworksBuildPhase section */
		23D227441FCD8BB2003F3B23 /* Frameworks */ = {
			isa = PBXFrameworksBuildPhase;
			buildActionMask = 2147483647;
			files = (
				23D5B806219202B0009413DD /* CloudKit.framework in Frameworks */,
				23C76BAF1FD7219800D42FB5 /* AVFoundation.framework in Frameworks */,
				23D227641FCD8F63003F3B23 /* Cashier.framework in Frameworks */,
				23D227651FCD8F63003F3B23 /* KeyboardHelper.framework in Frameworks */,
				23D227661FCD8F63003F3B23 /* Serpent.framework in Frameworks */,
				23D227841FCDBD26003F3B23 /* SpotifyLogin.framework in Frameworks */,
				23D2277C1FCDAFE5003F3B23 /* SpotifyAuthentication.framework in Frameworks */,
				23D227671FCD8F63003F3B23 /* Nodes.framework in Frameworks */,
				23D227701FCDAC7D003F3B23 /* SpotifyMetadata.framework in Frameworks */,
				23D2277A1FCDAFE5003F3B23 /* SpotifyAudioPlayback.framework in Frameworks */,
				23D227681FCD8F63003F3B23 /* Kingfisher.framework in Frameworks */,
				23D227691FCD8F63003F3B23 /* Alamofire.framework in Frameworks */,
				23D2276A1FCD8F63003F3B23 /* SVProgressHUD.framework in Frameworks */,
			);
			runOnlyForDeploymentPostprocessing = 0;
		};
/* End PBXFrameworksBuildPhase section */

/* Begin PBXGroup section */
		23C76BA41FD1A4AC00D42FB5 /* Views */ = {
			isa = PBXGroup;
			children = (
				23C76BA51FD1A4C700D42FB5 /* SetlistTableViewCell.swift */,
				23C76BA91FD1C33900D42FB5 /* SongTableViewCell.swift */,
			);
			path = Views;
			sourceTree = "<group>";
		};
		23D2273E1FCD8BB2003F3B23 = {
			isa = PBXGroup;
			children = (
				23D227761FCDAFE5003F3B23 /* SpotifyAudioPlayback.framework */,
				23D227771FCDAFE5003F3B23 /* SpotifyAuthentication.framework */,
				23D227751FCDAFE5003F3B23 /* SpotifyMetadata.framework */,
				23D227491FCD8BB2003F3B23 /* Setlistify */,
				23D227481FCD8BB2003F3B23 /* Products */,
				23D2275C1FCD8F63003F3B23 /* Frameworks */,
			);
			sourceTree = "<group>";
		};
		23D227481FCD8BB2003F3B23 /* Products */ = {
			isa = PBXGroup;
			children = (
				23D227471FCD8BB2003F3B23 /* Setlistify.app */,
			);
			name = Products;
			sourceTree = "<group>";
		};
		23D227491FCD8BB2003F3B23 /* Setlistify */ = {
			isa = PBXGroup;
			children = (
				23D2274A1FCD8BB2003F3B23 /* AppDelegate.swift */,
				23D227871FCDD172003F3B23 /* Misc */,
				23DBE7271FD01972006C290B /* Models */,
				23D2278A1FCDE14E003F3B23 /* ConnectionManagers */,
				23C76BA41FD1A4AC00D42FB5 /* Views */,
				23DBE7301FD06470006C290B /* ViewControllers */,
				23D227511FCD8BB2003F3B23 /* Assets.xcassets */,
				23D2274E1FCD8BB2003F3B23 /* Main.storyboard */,
				23D227531FCD8BB2003F3B23 /* LaunchScreen.storyboard */,
				23D227561FCD8BB2003F3B23 /* Info.plist */,
				23D227801FCDB078003F3B23 /* BridgeViewController.h */,
				23D227811FCDB078003F3B23 /* BridgeViewController.m */,
				23D2277F1FCDB077003F3B23 /* Setlistify-Bridging-Header.h */,
			);
			path = Setlistify;
			sourceTree = "<group>";
		};
		23D2275C1FCD8F63003F3B23 /* Frameworks */ = {
			isa = PBXGroup;
			children = (
				23D5B805219202B0009413DD /* CloudKit.framework */,
				23C76BB01FD7219800D42FB5 /* AVKit.framework */,
				23D227831FCDBD26003F3B23 /* SpotifyLogin.framework */,
				23D227741FCDAEB0003F3B23 /* SystemConfiguration.framework */,
				23D227731FCDAEA2003F3B23 /* AVFoundation.framework */,
				23D2276E1FCDAC7D003F3B23 /* SpotifyAudioPlayback.framework */,
				23D2276F1FCDAC7D003F3B23 /* SpotifyAuthentication.framework */,
				23D2276D1FCDAC7D003F3B23 /* SpotifyMetadata.framework */,
				23D227621FCD8F63003F3B23 /* Alamofire.framework */,
				23D2275D1FCD8F63003F3B23 /* Cashier.framework */,
				23D2275E1FCD8F63003F3B23 /* KeyboardHelper.framework */,
				23D227611FCD8F63003F3B23 /* Kingfisher.framework */,
				23D227601FCD8F63003F3B23 /* Nodes.framework */,
				23D2275F1FCD8F63003F3B23 /* Serpent.framework */,
				23D227631FCD8F63003F3B23 /* SVProgressHUD.framework */,
			);
			name = Frameworks;
			sourceTree = "<group>";
		};
		23D227871FCDD172003F3B23 /* Misc */ = {
			isa = PBXGroup;
			children = (
				23D227881FCDD189003F3B23 /* Extensions.swift */,
			);
			path = Misc;
			sourceTree = "<group>";
		};
		23D2278A1FCDE14E003F3B23 /* ConnectionManagers */ = {
			isa = PBXGroup;
			children = (
				23D2278B1FCDE17A003F3B23 /* SetlistConnectionManager.swift */,
				23C76BAB1FD58B1700D42FB5 /* SpotifyConnectionManager.swift */,
				23D5B8032191F9CA009413DD /* AppleMusicConnectionManager.swift */,
				23577C70218CB92200A48334 /* AppleMusicManager.swift */,
				2375D4DB21A473340053BC7F /* UserManager.swift */,
			);
			path = ConnectionManagers;
			sourceTree = "<group>";
		};
		23D5B807219207BB009413DD /* AppleMusic */ = {
			isa = PBXGroup;
			children = (
				23D5B808219207CD009413DD /* CreatePlaylistRequest.swift */,
				23D5B80A21920AF3009413DD /* CreatePlaylistResponse.swift */,
			);
			path = AppleMusic;
			sourceTree = "<group>";
		};
		23DBE7271FD01972006C290B /* Models */ = {
			isa = PBXGroup;
			children = (
				23D5B807219207BB009413DD /* AppleMusic */,
				23DBE7281FD019A4006C290B /* Setlist.swift */,
				23DBE7371FD1790C006C290B /* Set.swift */,
				23DBE72A1FD06363006C290B /* SetlistSearchResponse.swift */,
				23DBE72C1FD06400006C290B /* Artist.swift */,
				23DBE7331FD17640006C290B /* Venue.swift */,
				23DBE7351FD1783F006C290B /* Tour.swift */,
				23C76BAD1FD5C10500D42FB5 /* SpotifySetlist.swift */,
			);
			path = Models;
			sourceTree = "<group>";
		};
		23DBE7301FD06470006C290B /* ViewControllers */ = {
			isa = PBXGroup;
			children = (
				23D2274C1FCD8BB2003F3B23 /* SearchViewController.swift */,
				23DBE7311FD06494006C290B /* SetlistResultsViewController.swift */,
				23C76BA71FD1BC1E00D42FB5 /* SetlistViewController.swift */,
				2332FA2E1FDAFBB400D94476 /* ImagePreviewViewController.swift */,
			);
			path = ViewControllers;
			sourceTree = "<group>";
		};
/* End PBXGroup section */

/* Begin PBXNativeTarget section */
		23D227461FCD8BB2003F3B23 /* Setlistify */ = {
			isa = PBXNativeTarget;
			buildConfigurationList = 23D227591FCD8BB2003F3B23 /* Build configuration list for PBXNativeTarget "Setlistify" */;
			buildPhases = (
				23D227431FCD8BB2003F3B23 /* Sources */,
				23D227441FCD8BB2003F3B23 /* Frameworks */,
				23D227451FCD8BB2003F3B23 /* Resources */,
				23D2276C1FCD8F89003F3B23 /* Carthage */,
			);
			buildRules = (
			);
			dependencies = (
			);
			name = Setlistify;
			productName = Setlistify;
			productReference = 23D227471FCD8BB2003F3B23 /* Setlistify.app */;
			productType = "com.apple.product-type.application";
		};
/* End PBXNativeTarget section */

/* Begin PBXProject section */
		23D2273F1FCD8BB2003F3B23 /* Project object */ = {
			isa = PBXProject;
			attributes = {
				LastSwiftUpdateCheck = 0910;
				LastUpgradeCheck = 0910;
				ORGANIZATIONNAME = alloyd;
				TargetAttributes = {
					23D227461FCD8BB2003F3B23 = {
						CreatedOnToolsVersion = 9.1;
						LastSwiftMigration = 0910;
						ProvisioningStyle = Automatic;
						SystemCapabilities = {
							com.apple.BackgroundModes = {
								enabled = 1;
							};
						};
					};
				};
			};
			buildConfigurationList = 23D227421FCD8BB2003F3B23 /* Build configuration list for PBXProject "Setlistify" */;
			compatibilityVersion = "Xcode 8.0";
			developmentRegion = en;
			hasScannedForEncodings = 0;
			knownRegions = (
				en,
				Base,
			);
			mainGroup = 23D2273E1FCD8BB2003F3B23;
			productRefGroup = 23D227481FCD8BB2003F3B23 /* Products */;
			projectDirPath = "";
			projectRoot = "";
			targets = (
				23D227461FCD8BB2003F3B23 /* Setlistify */,
			);
		};
/* End PBXProject section */

/* Begin PBXResourcesBuildPhase section */
		23D227451FCD8BB2003F3B23 /* Resources */ = {
			isa = PBXResourcesBuildPhase;
			buildActionMask = 2147483647;
			files = (
				23D227551FCD8BB2003F3B23 /* LaunchScreen.storyboard in Resources */,
				23D227521FCD8BB2003F3B23 /* Assets.xcassets in Resources */,
				23D227501FCD8BB2003F3B23 /* Main.storyboard in Resources */,
			);
			runOnlyForDeploymentPostprocessing = 0;
		};
/* End PBXResourcesBuildPhase section */

/* Begin PBXShellScriptBuildPhase section */
		23D2276C1FCD8F89003F3B23 /* Carthage */ = {
			isa = PBXShellScriptBuildPhase;
			buildActionMask = 2147483647;
			files = (
			);
			inputPaths = (
				"$(SRCROOT)/Carthage/Build/iOS/Alamofire.framework",
				"$(SRCROOT)/Carthage/Build/iOS/Cashier.framework",
				"$(SRCROOT)/Carthage/Build/iOS/KeyboardHelper.framework",
				"$(SRCROOT)/Carthage/Build/iOS/Kingfisher.framework",
				"$(SRCROOT)/Carthage/Build/iOS/Serpent.framework",
				"$(SRCROOT)/Carthage/Build/iOS/SVProgressHUD.framework",
				"$(SRCROOT)/Carthage/Build/iOS/Nodes.framework",
				"$(SRCROOT)/Carthage/Build/iOS/SpotifyLogin.framework",
				"$(SRCROOT)/Carthage/Build/iOS/Spinner.framework",
				"$(SRCROOT)/Carthage/Build/iOS/Cider.framework",
			);
			name = Carthage;
			outputPaths = (
			);
			runOnlyForDeploymentPostprocessing = 0;
			shellPath = /bin/sh;
			shellScript = "/usr/local/bin/carthage copy-frameworks\n";
		};
/* End PBXShellScriptBuildPhase section */

/* Begin PBXSourcesBuildPhase section */
		23D227431FCD8BB2003F3B23 /* Sources */ = {
			isa = PBXSourcesBuildPhase;
			buildActionMask = 2147483647;
			files = (
				23577C71218CB92200A48334 /* AppleMusicManager.swift in Sources */,
				23DBE7321FD06494006C290B /* SetlistResultsViewController.swift in Sources */,
				23C76BAE1FD5C10500D42FB5 /* SpotifySetlist.swift in Sources */,
				23D227891FCDD189003F3B23 /* Extensions.swift in Sources */,
				23DBE7381FD1790C006C290B /* Set.swift in Sources */,
				23DBE7361FD1783F006C290B /* Tour.swift in Sources */,
				23C76BAC1FD58B1700D42FB5 /* SpotifyConnectionManager.swift in Sources */,
				2375D4DC21A473350053BC7F /* UserManager.swift in Sources */,
				23D227821FCDB078003F3B23 /* BridgeViewController.m in Sources */,
				23D5B80B21920AF3009413DD /* CreatePlaylistResponse.swift in Sources */,
				23C76BA61FD1A4C700D42FB5 /* SetlistTableViewCell.swift in Sources */,
				23DBE7341FD17640006C290B /* Venue.swift in Sources */,
				23D5B8042191F9CA009413DD /* AppleMusicConnectionManager.swift in Sources */,
				23DBE72D1FD06400006C290B /* Artist.swift in Sources */,
				2332FA2F1FDAFBB400D94476 /* ImagePreviewViewController.swift in Sources */,
				23C76BA81FD1BC1E00D42FB5 /* SetlistViewController.swift in Sources */,
				23DBE72B1FD06363006C290B /* SetlistSearchResponse.swift in Sources */,
				23D2274D1FCD8BB2003F3B23 /* SearchViewController.swift in Sources */,
				23C76BAA1FD1C33900D42FB5 /* SongTableViewCell.swift in Sources */,
				23D2278C1FCDE17A003F3B23 /* SetlistConnectionManager.swift in Sources */,
				23DBE7291FD019A4006C290B /* Setlist.swift in Sources */,
				23D5B809219207CD009413DD /* CreatePlaylistRequest.swift in Sources */,
				23D2274B1FCD8BB2003F3B23 /* AppDelegate.swift in Sources */,
			);
			runOnlyForDeploymentPostprocessing = 0;
		};
/* End PBXSourcesBuildPhase section */

/* Begin PBXVariantGroup section */
		23D2274E1FCD8BB2003F3B23 /* Main.storyboard */ = {
			isa = PBXVariantGroup;
			children = (
				23D2274F1FCD8BB2003F3B23 /* Base */,
			);
			name = Main.storyboard;
			sourceTree = "<group>";
		};
		23D227531FCD8BB2003F3B23 /* LaunchScreen.storyboard */ = {
			isa = PBXVariantGroup;
			children = (
				23D227541FCD8BB2003F3B23 /* Base */,
			);
			name = LaunchScreen.storyboard;
			sourceTree = "<group>";
		};
/* End PBXVariantGroup section */

/* Begin XCBuildConfiguration section */
		23D227571FCD8BB2003F3B23 /* Debug */ = {
			isa = XCBuildConfiguration;
			buildSettings = {
				ALWAYS_SEARCH_USER_PATHS = NO;
				CLANG_ANALYZER_NONNULL = YES;
				CLANG_ANALYZER_NUMBER_OBJECT_CONVERSION = YES_AGGRESSIVE;
				CLANG_CXX_LANGUAGE_STANDARD = "gnu++14";
				CLANG_CXX_LIBRARY = "libc++";
				CLANG_ENABLE_MODULES = YES;
				CLANG_ENABLE_OBJC_ARC = YES;
				CLANG_WARN_BLOCK_CAPTURE_AUTORELEASING = YES;
				CLANG_WARN_BOOL_CONVERSION = YES;
				CLANG_WARN_COMMA = YES;
				CLANG_WARN_CONSTANT_CONVERSION = YES;
				CLANG_WARN_DIRECT_OBJC_ISA_USAGE = YES_ERROR;
				CLANG_WARN_DOCUMENTATION_COMMENTS = YES;
				CLANG_WARN_EMPTY_BODY = YES;
				CLANG_WARN_ENUM_CONVERSION = YES;
				CLANG_WARN_INFINITE_RECURSION = YES;
				CLANG_WARN_INT_CONVERSION = YES;
				CLANG_WARN_NON_LITERAL_NULL_CONVERSION = YES;
				CLANG_WARN_OBJC_LITERAL_CONVERSION = YES;
				CLANG_WARN_OBJC_ROOT_CLASS = YES_ERROR;
				CLANG_WARN_RANGE_LOOP_ANALYSIS = YES;
				CLANG_WARN_STRICT_PROTOTYPES = YES;
				CLANG_WARN_SUSPICIOUS_MOVE = YES;
				CLANG_WARN_UNGUARDED_AVAILABILITY = YES_AGGRESSIVE;
				CLANG_WARN_UNREACHABLE_CODE = YES;
				CLANG_WARN__DUPLICATE_METHOD_MATCH = YES;
				CODE_SIGN_IDENTITY = "iPhone Developer";
				COPY_PHASE_STRIP = NO;
				DEBUG_INFORMATION_FORMAT = dwarf;
				ENABLE_STRICT_OBJC_MSGSEND = YES;
				ENABLE_TESTABILITY = YES;
				GCC_C_LANGUAGE_STANDARD = gnu11;
				GCC_DYNAMIC_NO_PIC = NO;
				GCC_NO_COMMON_BLOCKS = YES;
				GCC_OPTIMIZATION_LEVEL = 0;
				GCC_PREPROCESSOR_DEFINITIONS = (
					"DEBUG=1",
					"$(inherited)",
				);
				GCC_WARN_64_TO_32_BIT_CONVERSION = YES;
				GCC_WARN_ABOUT_RETURN_TYPE = YES_ERROR;
				GCC_WARN_UNDECLARED_SELECTOR = YES;
				GCC_WARN_UNINITIALIZED_AUTOS = YES_AGGRESSIVE;
				GCC_WARN_UNUSED_FUNCTION = YES;
				GCC_WARN_UNUSED_VARIABLE = YES;
				IPHONEOS_DEPLOYMENT_TARGET = 11.1;
				MTL_ENABLE_DEBUG_INFO = YES;
				ONLY_ACTIVE_ARCH = YES;
				SDKROOT = iphoneos;
				SWIFT_ACTIVE_COMPILATION_CONDITIONS = DEBUG;
				SWIFT_OPTIMIZATION_LEVEL = "-Onone";
			};
			name = Debug;
		};
		23D227581FCD8BB2003F3B23 /* Release */ = {
			isa = XCBuildConfiguration;
			buildSettings = {
				ALWAYS_SEARCH_USER_PATHS = NO;
				CLANG_ANALYZER_NONNULL = YES;
				CLANG_ANALYZER_NUMBER_OBJECT_CONVERSION = YES_AGGRESSIVE;
				CLANG_CXX_LANGUAGE_STANDARD = "gnu++14";
				CLANG_CXX_LIBRARY = "libc++";
				CLANG_ENABLE_MODULES = YES;
				CLANG_ENABLE_OBJC_ARC = YES;
				CLANG_WARN_BLOCK_CAPTURE_AUTORELEASING = YES;
				CLANG_WARN_BOOL_CONVERSION = YES;
				CLANG_WARN_COMMA = YES;
				CLANG_WARN_CONSTANT_CONVERSION = YES;
				CLANG_WARN_DIRECT_OBJC_ISA_USAGE = YES_ERROR;
				CLANG_WARN_DOCUMENTATION_COMMENTS = YES;
				CLANG_WARN_EMPTY_BODY = YES;
				CLANG_WARN_ENUM_CONVERSION = YES;
				CLANG_WARN_INFINITE_RECURSION = YES;
				CLANG_WARN_INT_CONVERSION = YES;
				CLANG_WARN_NON_LITERAL_NULL_CONVERSION = YES;
				CLANG_WARN_OBJC_LITERAL_CONVERSION = YES;
				CLANG_WARN_OBJC_ROOT_CLASS = YES_ERROR;
				CLANG_WARN_RANGE_LOOP_ANALYSIS = YES;
				CLANG_WARN_STRICT_PROTOTYPES = YES;
				CLANG_WARN_SUSPICIOUS_MOVE = YES;
				CLANG_WARN_UNGUARDED_AVAILABILITY = YES_AGGRESSIVE;
				CLANG_WARN_UNREACHABLE_CODE = YES;
				CLANG_WARN__DUPLICATE_METHOD_MATCH = YES;
				CODE_SIGN_IDENTITY = "iPhone Developer";
				COPY_PHASE_STRIP = NO;
				DEBUG_INFORMATION_FORMAT = "dwarf-with-dsym";
				ENABLE_NS_ASSERTIONS = NO;
				ENABLE_STRICT_OBJC_MSGSEND = YES;
				GCC_C_LANGUAGE_STANDARD = gnu11;
				GCC_NO_COMMON_BLOCKS = YES;
				GCC_WARN_64_TO_32_BIT_CONVERSION = YES;
				GCC_WARN_ABOUT_RETURN_TYPE = YES_ERROR;
				GCC_WARN_UNDECLARED_SELECTOR = YES;
				GCC_WARN_UNINITIALIZED_AUTOS = YES_AGGRESSIVE;
				GCC_WARN_UNUSED_FUNCTION = YES;
				GCC_WARN_UNUSED_VARIABLE = YES;
				IPHONEOS_DEPLOYMENT_TARGET = 11.1;
				MTL_ENABLE_DEBUG_INFO = NO;
				SDKROOT = iphoneos;
				SWIFT_OPTIMIZATION_LEVEL = "-Owholemodule";
				VALIDATE_PRODUCT = YES;
			};
			name = Release;
		};
		23D2275A1FCD8BB2003F3B23 /* Debug */ = {
			isa = XCBuildConfiguration;
			buildSettings = {
				ASSETCATALOG_COMPILER_APPICON_NAME = AppIcon;
				CLANG_ENABLE_MODULES = YES;
				"CODE_SIGN_IDENTITY[sdk=iphoneos*]" = "iPhone Developer";
				CODE_SIGN_STYLE = Automatic;
				DEVELOPMENT_TEAM = MMEAQU5PNX;
				FRAMEWORK_SEARCH_PATHS = (
					"$(inherited)",
					"$(PROJECT_DIR)/Carthage/Build/iOS",
					"$(PROJECT_DIR)",
				);
				INFOPLIST_FILE = Setlistify/Info.plist;
				IPHONEOS_DEPLOYMENT_TARGET = 11.0;
				LD_RUNPATH_SEARCH_PATHS = "$(inherited) @executable_path/Frameworks";
				OTHER_LDFLAGS = (
					"-ObjC",
					"-all_load",
				);
				PRODUCT_BUNDLE_IDENTIFIER = com.lloyds.setsounds;
				PRODUCT_NAME = "$(TARGET_NAME)";
				PROVISIONING_PROFILE = "";
				PROVISIONING_PROFILE_SPECIFIER = "";
				SWIFT_OBJC_BRIDGING_HEADER = "Setlistify/Setlistify-Bridging-Header.h";
				SWIFT_OPTIMIZATION_LEVEL = "-Onone";
				SWIFT_VERSION = 4.0;
				TARGETED_DEVICE_FAMILY = 1;
			};
			name = Debug;
		};
		23D2275B1FCD8BB2003F3B23 /* Release */ = {
			isa = XCBuildConfiguration;
			buildSettings = {
				ASSETCATALOG_COMPILER_APPICON_NAME = AppIcon;
				CLANG_ENABLE_MODULES = YES;
				"CODE_SIGN_IDENTITY[sdk=iphoneos*]" = "iPhone Developer";
				CODE_SIGN_STYLE = Automatic;
				DEVELOPMENT_TEAM = MMEAQU5PNX;
				FRAMEWORK_SEARCH_PATHS = (
					"$(inherited)",
					"$(PROJECT_DIR)/Carthage/Build/iOS",
					"$(PROJECT_DIR)",
				);
				INFOPLIST_FILE = Setlistify/Info.plist;
				IPHONEOS_DEPLOYMENT_TARGET = 11.0;
				LD_RUNPATH_SEARCH_PATHS = "$(inherited) @executable_path/Frameworks";
				OTHER_LDFLAGS = (
					"-ObjC",
					"-all_load",
				);
				PRODUCT_BUNDLE_IDENTIFIER = com.lloyds.setsounds;
				PRODUCT_NAME = "$(TARGET_NAME)";
				PROVISIONING_PROFILE_SPECIFIER = "";
				SWIFT_OBJC_BRIDGING_HEADER = "Setlistify/Setlistify-Bridging-Header.h";
				SWIFT_VERSION = 4.0;
				TARGETED_DEVICE_FAMILY = 1;
			};
			name = Release;
		};
/* End XCBuildConfiguration section */

/* Begin XCConfigurationList section */
		23D227421FCD8BB2003F3B23 /* Build configuration list for PBXProject "Setlistify" */ = {
			isa = XCConfigurationList;
			buildConfigurations = (
				23D227571FCD8BB2003F3B23 /* Debug */,
				23D227581FCD8BB2003F3B23 /* Release */,
			);
			defaultConfigurationIsVisible = 0;
			defaultConfigurationName = Release;
		};
		23D227591FCD8BB2003F3B23 /* Build configuration list for PBXNativeTarget "Setlistify" */ = {
			isa = XCConfigurationList;
			buildConfigurations = (
				23D2275A1FCD8BB2003F3B23 /* Debug */,
				23D2275B1FCD8BB2003F3B23 /* Release */,
			);
			defaultConfigurationIsVisible = 0;
			defaultConfigurationName = Release;
		};
/* End XCConfigurationList section */
	};
	rootObject = 23D2273F1FCD8BB2003F3B23 /* Project object */;
}
